
Microsoft Visual Studio Solution File, Format Version 12.00
# Visual Studio Version 16
VisualStudioVersion = 16.0.29920.165
MinimumVisualStudioVersion = 10.0.40219.1
Project("{888888A0-9F3D-457C-B088-3A5042F75D52}") = "코로나", "코로나\코로나.pyproj", "{6F1D294D-275F-4701-9133-7996B0F44AD3}"
EndProject
Global
	GlobalSection(SolutionConfigurationPlatforms) = preSolution
		Debug|Any CPU = Debug|Any CPU
		Release|Any CPU = Release|Any CPU
	EndGlobalSection
	GlobalSection(ProjectConfigurationPlatforms) = postSolution
		{6F1D294D-275F-4701-9133-7996B0F44AD3}.Debug|Any CPU.ActiveCfg = Debug|Any CPU
		{6F1D294D-275F-4701-9133-7996B0F44AD3}.Release|Any CPU.ActiveCfg = Release|Any CPU
	EndGlobalSection
	GlobalSection(SolutionProperties) = preSolution
		HideSolutionNode = FALSE
	EndGlobalSection
	GlobalSection(ExtensibilityGlobals) = postSolution
		SolutionGuid = {7EEDD6FE-7B98-41FE-B03C-A0766931AF87}
	EndGlobalSection
EndGlobal
