
Microsoft Visual Studio Solution File, Format Version 12.00
# Visual Studio Version 16
VisualStudioVersion = 16.0.29920.165
MinimumVisualStudioVersion = 10.0.40219.1
Project("{888888A0-9F3D-457C-B088-3A5042F75D52}") = "파이썬 뉴스 크롤링", "PythonApplication1\파이썬 뉴스 크롤링.pyproj", "{B04AAB15-E845-4468-90EC-8D78A3C3ACD0}"
EndProject
Global
	GlobalSection(SolutionConfigurationPlatforms) = preSolution
		Debug|Any CPU = Debug|Any CPU
		Release|Any CPU = Release|Any CPU
	EndGlobalSection
	GlobalSection(ProjectConfigurationPlatforms) = postSolution
		{B04AAB15-E845-4468-90EC-8D78A3C3ACD0}.Debug|Any CPU.ActiveCfg = Debug|Any CPU
		{B04AAB15-E845-4468-90EC-8D78A3C3ACD0}.Release|Any CPU.ActiveCfg = Release|Any CPU
	EndGlobalSection
	GlobalSection(SolutionProperties) = preSolution
		HideSolutionNode = FALSE
	EndGlobalSection
	GlobalSection(ExtensibilityGlobals) = postSolution
		SolutionGuid = {B3C53082-57BB-4245-87A6-A861FDBC0A6D}
	EndGlobalSection
EndGlobal
